
Microsoft Visual Studio Solution File, Format Version 12.00
# Visual Studio 14
VisualStudioVersion = 14.0.25420.1
MinimumVisualStudioVersion = 10.0.40219.1
Project("{FAE04EC0-301F-11D3-BF4B-00C04F79EFBC}") = "LawnMower", "LawnMower\LawnMower.csproj", "{204AFF6B-ACBD-4F9B-9545-8571B0CEFD0C}"
EndProject
Project("{FAE04EC0-301F-11D3-BF4B-00C04F79EFBC}") = "LawnMowerTests", "LawnMowerTests\LawnMowerTests.csproj", "{B966570C-C320-427D-9C13-CA5F5D637AFA}"
EndProject
Global
	GlobalSection(SolutionConfigurationPlatforms) = preSolution
		Debug|Any CPU = Debug|Any CPU
		Release|Any CPU = Release|Any CPU
	EndGlobalSection
	GlobalSection(ProjectConfigurationPlatforms) = postSolution
		{204AFF6B-ACBD-4F9B-9545-8571B0CEFD0C}.Debug|Any CPU.ActiveCfg = Debug|Any CPU
		{204AFF6B-ACBD-4F9B-9545-8571B0CEFD0C}.Debug|Any CPU.Build.0 = Debug|Any CPU
		{204AFF6B-ACBD-4F9B-9545-8571B0CEFD0C}.Release|Any CPU.ActiveCfg = Release|Any CPU
		{204AFF6B-ACBD-4F9B-9545-8571B0CEFD0C}.Release|Any CPU.Build.0 = Release|Any CPU
		{B966570C-C320-427D-9C13-CA5F5D637AFA}.Debug|Any CPU.ActiveCfg = Debug|Any CPU
		{B966570C-C320-427D-9C13-CA5F5D637AFA}.Debug|Any CPU.Build.0 = Debug|Any CPU
		{B966570C-C320-427D-9C13-CA5F5D637AFA}.Release|Any CPU.ActiveCfg = Release|Any CPU
		{B966570C-C320-427D-9C13-CA5F5D637AFA}.Release|Any CPU.Build.0 = Release|Any CPU
	EndGlobalSection
	GlobalSection(SolutionProperties) = preSolution
		HideSolutionNode = FALSE
	EndGlobalSection
EndGlobal
